// !$*UTF8*$!
{
	archiveVersion = 1;
	classes = {
	};
	objectVersion = 56;
	objects = {

/* Begin PBXBuildFile section */
		E9A7B1162B0B504300315E12 /* AppDelegate.swift in Sources */ = {isa = PBXBuildFile; fileRef = E9A7B1152B0B504300315E12 /* AppDelegate.swift */; };
		E9A7B1182B0B504300315E12 /* SceneDelegate.swift in Sources */ = {isa = PBXBuildFile; fileRef = E9A7B1172B0B504300315E12 /* SceneDelegate.swift */; };
		E9A7B11A2B0B504300315E12 /* ViewController.swift in Sources */ = {isa = PBXBuildFile; fileRef = E9A7B1192B0B504300315E12 /* ViewController.swift */; };
		E9A7B11D2B0B504300315E12 /* Main.storyboard in Resources */ = {isa = PBXBuildFile; fileRef = E9A7B11B2B0B504300315E12 /* Main.storyboard */; };
		E9A7B1202B0B504300315E12 /* Card_Detection.xcdatamodeld in Sources */ = {isa = PBXBuildFile; fileRef = E9A7B11E2B0B504300315E12 /* Card_Detection.xcdatamodeld */; };
		E9A7B1222B0B504500315E12 /* Assets.xcassets in Resources */ = {isa = PBXBuildFile; fileRef = E9A7B1212B0B504500315E12 /* Assets.xcassets */; };
		E9A7B1252B0B504500315E12 /* LaunchScreen.storyboard in Resources */ = {isa = PBXBuildFile; fileRef = E9A7B1232B0B504500315E12 /* LaunchScreen.storyboard */; };
		E9A7B1302B0B504500315E12 /* Card_DetectionTests.swift in Sources */ = {isa = PBXBuildFile; fileRef = E9A7B12F2B0B504500315E12 /* Card_DetectionTests.swift */; };
		E9A7B13A2B0B504500315E12 /* Card_DetectionUITests.swift in Sources */ = {isa = PBXBuildFile; fileRef = E9A7B1392B0B504500315E12 /* Card_DetectionUITests.swift */; };
		E9A7B13C2B0B504500315E12 /* Card_DetectionUITestsLaunchTests.swift in Sources */ = {isa = PBXBuildFile; fileRef = E9A7B13B2B0B504500315E12 /* Card_DetectionUITestsLaunchTests.swift */; };
		E9A7B1502B0B51E800315E12 /* UIImage+CVPixelBuffer.swift in Sources */ = {isa = PBXBuildFile; fileRef = E9A7B14D2B0B51E800315E12 /* UIImage+CVPixelBuffer.swift */; };
		E9A7B1512B0B51E800315E12 /* VideoCapture.swift in Sources */ = {isa = PBXBuildFile; fileRef = E9A7B14E2B0B51E800315E12 /* VideoCapture.swift */; };
		E9A7B1522B0B51E800315E12 /* Measure.swift in Sources */ = {isa = PBXBuildFile; fileRef = E9A7B14F2B0B51E800315E12 /* Measure.swift */; };
		E9A7B1552B0B532900315E12 /* DrawingBoundingBoxView.swift in Sources */ = {isa = PBXBuildFile; fileRef = E9A7B1542B0B532900315E12 /* DrawingBoundingBoxView.swift */; };
		E9A7B1582B0B551B00315E12 /* yolov8s.mlpackage in Sources */ = {isa = PBXBuildFile; fileRef = E9A7B1572B0B551B00315E12 /* yolov8s.mlpackage */; };
/* End PBXBuildFile section */

/* Begin PBXContainerItemProxy section */
		E9A7B12C2B0B504500315E12 /* PBXContainerItemProxy */ = {
			isa = PBXContainerItemProxy;
			containerPortal = E9A7B10A2B0B504300315E12 /* Project object */;
			proxyType = 1;
			remoteGlobalIDString = E9A7B1112B0B504300315E12;
			remoteInfo = Card_Detection;
		};
		E9A7B1362B0B504500315E12 /* PBXContainerItemProxy */ = {
			isa = PBXContainerItemProxy;
			containerPortal = E9A7B10A2B0B504300315E12 /* Project object */;
			proxyType = 1;
			remoteGlobalIDString = E9A7B1112B0B504300315E12;
			remoteInfo = Card_Detection;
		};
/* End PBXContainerItemProxy section */

/* Begin PBXFileReference section */
		E9A7B1122B0B504300315E12 /* Card_Detection.app */ = {isa = PBXFileReference; explicitFileType = wrapper.application; includeInIndex = 0; path = Card_Detection.app; sourceTree = BUILT_PRODUCTS_DIR; };
		E9A7B1152B0B504300315E12 /* AppDelegate.swift */ = {isa = PBXFileReference; lastKnownFileType = sourcecode.swift; path = AppDelegate.swift; sourceTree = "<group>"; };
		E9A7B1172B0B504300315E12 /* SceneDelegate.swift */ = {isa = PBXFileReference; lastKnownFileType = sourcecode.swift; path = SceneDelegate.swift; sourceTree = "<group>"; };
		E9A7B1192B0B504300315E12 /* ViewController.swift */ = {isa = PBXFileReference; lastKnownFileType = sourcecode.swift; path = ViewController.swift; sourceTree = "<group>"; };
		E9A7B11C2B0B504300315E12 /* Base */ = {isa = PBXFileReference; lastKnownFileType = file.storyboard; name = Base; path = Base.lproj/Main.storyboard; sourceTree = "<group>"; };
		E9A7B11F2B0B504300315E12 /* Card_Detection.xcdatamodel */ = {isa = PBXFileReference; lastKnownFileType = wrapper.xcdatamodel; path = Card_Detection.xcdatamodel; sourceTree = "<group>"; };
		E9A7B1212B0B504500315E12 /* Assets.xcassets */ = {isa = PBXFileReference; lastKnownFileType = folder.assetcatalog; path = Assets.xcassets; sourceTree = "<group>"; };
		E9A7B1242B0B504500315E12 /* Base */ = {isa = PBXFileReference; lastKnownFileType = file.storyboard; name = Base; path = Base.lproj/LaunchScreen.storyboard; sourceTree = "<group>"; };
		E9A7B1262B0B504500315E12 /* Info.plist */ = {isa = PBXFileReference; lastKnownFileType = text.plist.xml; path = Info.plist; sourceTree = "<group>"; };
		E9A7B12B2B0B504500315E12 /* Card_DetectionTests.xctest */ = {isa = PBXFileReference; explicitFileType = wrapper.cfbundle; includeInIndex = 0; path = Card_DetectionTests.xctest; sourceTree = BUILT_PRODUCTS_DIR; };
		E9A7B12F2B0B504500315E12 /* Card_DetectionTests.swift */ = {isa = PBXFileReference; lastKnownFileType = sourcecode.swift; path = Card_DetectionTests.swift; sourceTree = "<group>"; };
		E9A7B1352B0B504500315E12 /* Card_DetectionUITests.xctest */ = {isa = PBXFileReference; explicitFileType = wrapper.cfbundle; includeInIndex = 0; path = Card_DetectionUITests.xctest; sourceTree = BUILT_PRODUCTS_DIR; };
		E9A7B1392B0B504500315E12 /* Card_DetectionUITests.swift */ = {isa = PBXFileReference; lastKnownFileType = sourcecode.swift; path = Card_DetectionUITests.swift; sourceTree = "<group>"; };
		E9A7B13B2B0B504500315E12 /* Card_DetectionUITestsLaunchTests.swift */ = {isa = PBXFileReference; lastKnownFileType = sourcecode.swift; path = Card_DetectionUITestsLaunchTests.swift; sourceTree = "<group>"; };
		E9A7B14D2B0B51E800315E12 /* UIImage+CVPixelBuffer.swift */ = {isa = PBXFileReference; fileEncoding = 4; lastKnownFileType = sourcecode.swift; name = "UIImage+CVPixelBuffer.swift"; path = "../../../../../../../../Desktop/IZOTA/ObjectDetection-CoreML/ObjectDetection-CoreML/Presentation/CustomCameraRealtime/UIImage+CVPixelBuffer.swift"; sourceTree = "<group>"; };
		E9A7B14E2B0B51E800315E12 /* VideoCapture.swift */ = {isa = PBXFileReference; fileEncoding = 4; lastKnownFileType = sourcecode.swift; name = VideoCapture.swift; path = "../../../../../../../../Desktop/IZOTA/ObjectDetection-CoreML/ObjectDetection-CoreML/Presentation/CustomCameraRealtime/VideoCapture.swift"; sourceTree = "<group>"; };
		E9A7B14F2B0B51E800315E12 /* Measure.swift */ = {isa = PBXFileReference; fileEncoding = 4; lastKnownFileType = sourcecode.swift; name = Measure.swift; path = "../../../../../../../../Desktop/IZOTA/ObjectDetection-CoreML/ObjectDetection-CoreML/Presentation/CustomCameraRealtime/Measure.swift"; sourceTree = "<group>"; };
		E9A7B1542B0B532900315E12 /* DrawingBoundingBoxView.swift */ = {isa = PBXFileReference; fileEncoding = 4; lastKnownFileType = sourcecode.swift; name = DrawingBoundingBoxView.swift; path = "../../../../../../../../Desktop/IZOTA/ObjectDetection-CoreML/ObjectDetection-CoreML/Presentation/DrawingBoundingBoxView.swift"; sourceTree = "<group>"; };
		E9A7B1572B0B551B00315E12 /* yolov8s.mlpackage */ = {isa = PBXFileReference; lastKnownFileType = folder.mlpackage; name = yolov8s.mlpackage; path = ../../../../../../../Desktop/IZOTA/yolov8s.mlpackage; sourceTree = "<group>"; };
/* End PBXFileReference section */

/* Begin PBXFrameworksBuildPhase section */
		E9A7B10F2B0B504300315E12 /* Frameworks */ = {
			isa = PBXFrameworksBuildPhase;
			buildActionMask = 2147483647;
			files = (
			);
			runOnlyForDeploymentPostprocessing = 0;
		};
		E9A7B1282B0B504500315E12 /* Frameworks */ = {
			isa = PBXFrameworksBuildPhase;
			buildActionMask = 2147483647;
			files = (
			);
			runOnlyForDeploymentPostprocessing = 0;
		};
		E9A7B1322B0B504500315E12 /* Frameworks */ = {
			isa = PBXFrameworksBuildPhase;
			buildActionMask = 2147483647;
			files = (
			);
			runOnlyForDeploymentPostprocessing = 0;
		};
/* End PBXFrameworksBuildPhase section */

/* Begin PBXGroup section */
		E9A7B1092B0B504300315E12 = {
			isa = PBXGroup;
			children = (
				E9A7B1142B0B504300315E12 /* Card_Detection */,
				E9A7B12E2B0B504500315E12 /* Card_DetectionTests */,
				E9A7B1382B0B504500315E12 /* Card_DetectionUITests */,
				E9A7B1132B0B504300315E12 /* Products */,
			);
			sourceTree = "<group>";
		};
		E9A7B1132B0B504300315E12 /* Products */ = {
			isa = PBXGroup;
			children = (
				E9A7B1122B0B504300315E12 /* Card_Detection.app */,
				E9A7B12B2B0B504500315E12 /* Card_DetectionTests.xctest */,
				E9A7B1352B0B504500315E12 /* Card_DetectionUITests.xctest */,
			);
			name = Products;
			sourceTree = "<group>";
		};
		E9A7B1142B0B504300315E12 /* Card_Detection */ = {
			isa = PBXGroup;
			children = (
				E9A7B1562B0B550200315E12 /* MLModel */,
				E9A7B14A2B0B50AC00315E12 /* Application */,
				E9A7B1492B0B50A000315E12 /* Presentation */,
				E9A7B1482B0B508F00315E12 /* Resource */,
				E9A7B1262B0B504500315E12 /* Info.plist */,
				E9A7B14B2B0B50CA00315E12 /* CoreData */,
			);
			path = Card_Detection;
			sourceTree = "<group>";
		};
		E9A7B12E2B0B504500315E12 /* Card_DetectionTests */ = {
			isa = PBXGroup;
			children = (
				E9A7B12F2B0B504500315E12 /* Card_DetectionTests.swift */,
			);
			path = Card_DetectionTests;
			sourceTree = "<group>";
		};
		E9A7B1382B0B504500315E12 /* Card_DetectionUITests */ = {
			isa = PBXGroup;
			children = (
				E9A7B1392B0B504500315E12 /* Card_DetectionUITests.swift */,
				E9A7B13B2B0B504500315E12 /* Card_DetectionUITestsLaunchTests.swift */,
			);
			path = Card_DetectionUITests;
			sourceTree = "<group>";
		};
		E9A7B1482B0B508F00315E12 /* Resource */ = {
			isa = PBXGroup;
			children = (
				E9A7B1212B0B504500315E12 /* Assets.xcassets */,
				E9A7B1232B0B504500315E12 /* LaunchScreen.storyboard */,
			);
			path = Resource;
			sourceTree = "<group>";
		};
		E9A7B1492B0B50A000315E12 /* Presentation */ = {
			isa = PBXGroup;
			children = (
				E9A7B1532B0B531A00315E12 /* BoxView */,
				E9A7B14C2B0B51B600315E12 /* SetupCameraRealtime */,
				E9A7B1192B0B504300315E12 /* ViewController.swift */,
			);
			path = Presentation;
			sourceTree = "<group>";
		};
		E9A7B14A2B0B50AC00315E12 /* Application */ = {
			isa = PBXGroup;
			children = (
				E9A7B1152B0B504300315E12 /* AppDelegate.swift */,
				E9A7B1172B0B504300315E12 /* SceneDelegate.swift */,
				E9A7B11B2B0B504300315E12 /* Main.storyboard */,
			);
			path = Application;
			sourceTree = "<group>";
		};
		E9A7B14B2B0B50CA00315E12 /* CoreData */ = {
			isa = PBXGroup;
			children = (
				E9A7B11E2B0B504300315E12 /* Card_Detection.xcdatamodeld */,
			);
			path = CoreData;
			sourceTree = "<group>";
		};
		E9A7B14C2B0B51B600315E12 /* SetupCameraRealtime */ = {
			isa = PBXGroup;
			children = (
				E9A7B14F2B0B51E800315E12 /* Measure.swift */,
				E9A7B14D2B0B51E800315E12 /* UIImage+CVPixelBuffer.swift */,
				E9A7B14E2B0B51E800315E12 /* VideoCapture.swift */,
			);
			path = SetupCameraRealtime;
			sourceTree = "<group>";
		};
		E9A7B1532B0B531A00315E12 /* BoxView */ = {
			isa = PBXGroup;
			children = (
				E9A7B1542B0B532900315E12 /* DrawingBoundingBoxView.swift */,
			);
			path = BoxView;
			sourceTree = "<group>";
		};
		E9A7B1562B0B550200315E12 /* MLModel */ = {
			isa = PBXGroup;
			children = (
				E9A7B1572B0B551B00315E12 /* yolov8s.mlpackage */,
			);
			path = MLModel;
			sourceTree = "<group>";
		};
/* End PBXGroup section */

/* Begin PBXNativeTarget section */
		E9A7B1112B0B504300315E12 /* Card_Detection */ = {
			isa = PBXNativeTarget;
			buildConfigurationList = E9A7B13F2B0B504500315E12 /* Build configuration list for PBXNativeTarget "Card_Detection" */;
			buildPhases = (
				E9A7B10E2B0B504300315E12 /* Sources */,
				E9A7B10F2B0B504300315E12 /* Frameworks */,
				E9A7B1102B0B504300315E12 /* Resources */,
			);
			buildRules = (
			);
			dependencies = (
			);
			name = Card_Detection;
			productName = Card_Detection;
			productReference = E9A7B1122B0B504300315E12 /* Card_Detection.app */;
			productType = "com.apple.product-type.application";
		};
		E9A7B12A2B0B504500315E12 /* Card_DetectionTests */ = {
			isa = PBXNativeTarget;
			buildConfigurationList = E9A7B1422B0B504500315E12 /* Build configuration list for PBXNativeTarget "Card_DetectionTests" */;
			buildPhases = (
				E9A7B1272B0B504500315E12 /* Sources */,
				E9A7B1282B0B504500315E12 /* Frameworks */,
				E9A7B1292B0B504500315E12 /* Resources */,
			);
			buildRules = (
			);
			dependencies = (
				E9A7B12D2B0B504500315E12 /* PBXTargetDependency */,
			);
			name = Card_DetectionTests;
			productName = Card_DetectionTests;
			productReference = E9A7B12B2B0B504500315E12 /* Card_DetectionTests.xctest */;
			productType = "com.apple.product-type.bundle.unit-test";
		};
		E9A7B1342B0B504500315E12 /* Card_DetectionUITests */ = {
			isa = PBXNativeTarget;
			buildConfigurationList = E9A7B1452B0B504500315E12 /* Build configuration list for PBXNativeTarget "Card_DetectionUITests" */;
			buildPhases = (
				E9A7B1312B0B504500315E12 /* Sources */,
				E9A7B1322B0B504500315E12 /* Frameworks */,
				E9A7B1332B0B504500315E12 /* Resources */,
			);
			buildRules = (
			);
			dependencies = (
				E9A7B1372B0B504500315E12 /* PBXTargetDependency */,
			);
			name = Card_DetectionUITests;
			productName = Card_DetectionUITests;
			productReference = E9A7B1352B0B504500315E12 /* Card_DetectionUITests.xctest */;
			productType = "com.apple.product-type.bundle.ui-testing";
		};
/* End PBXNativeTarget section */

/* Begin PBXProject section */
		E9A7B10A2B0B504300315E12 /* Project object */ = {
			isa = PBXProject;
			attributes = {
				BuildIndependentTargetsInParallel = 1;
				LastSwiftUpdateCheck = 1430;
				LastUpgradeCheck = 1430;
				TargetAttributes = {
					E9A7B1112B0B504300315E12 = {
						CreatedOnToolsVersion = 14.3.1;
					};
					E9A7B12A2B0B504500315E12 = {
						CreatedOnToolsVersion = 14.3.1;
						TestTargetID = E9A7B1112B0B504300315E12;
					};
					E9A7B1342B0B504500315E12 = {
						CreatedOnToolsVersion = 14.3.1;
						TestTargetID = E9A7B1112B0B504300315E12;
					};
				};
			};
			buildConfigurationList = E9A7B10D2B0B504300315E12 /* Build configuration list for PBXProject "Card_Detection" */;
			compatibilityVersion = "Xcode 14.0";
			developmentRegion = en;
			hasScannedForEncodings = 0;
			knownRegions = (
				en,
				Base,
			);
			mainGroup = E9A7B1092B0B504300315E12;
			productRefGroup = E9A7B1132B0B504300315E12 /* Products */;
			projectDirPath = "";
			projectRoot = "";
			targets = (
				E9A7B1112B0B504300315E12 /* Card_Detection */,
				E9A7B12A2B0B504500315E12 /* Card_DetectionTests */,
				E9A7B1342B0B504500315E12 /* Card_DetectionUITests */,
			);
		};
/* End PBXProject section */

/* Begin PBXResourcesBuildPhase section */
		E9A7B1102B0B504300315E12 /* Resources */ = {
			isa = PBXResourcesBuildPhase;
			buildActionMask = 2147483647;
			files = (
				E9A7B1252B0B504500315E12 /* LaunchScreen.storyboard in Resources */,
				E9A7B1222B0B504500315E12 /* Assets.xcassets in Resources */,
				E9A7B11D2B0B504300315E12 /* Main.storyboard in Resources */,
			);
			runOnlyForDeploymentPostprocessing = 0;
		};
		E9A7B1292B0B504500315E12 /* Resources */ = {
			isa = PBXResourcesBuildPhase;
			buildActionMask = 2147483647;
			files = (
			);
			runOnlyForDeploymentPostprocessing = 0;
		};
		E9A7B1332B0B504500315E12 /* Resources */ = {
			isa = PBXResourcesBuildPhase;
			buildActionMask = 2147483647;
			files = (
			);
			runOnlyForDeploymentPostprocessing = 0;
		};
/* End PBXResourcesBuildPhase section */

/* Begin PBXSourcesBuildPhase section */
		E9A7B10E2B0B504300315E12 /* Sources */ = {
			isa = PBXSourcesBuildPhase;
			buildActionMask = 2147483647;
			files = (
				E9A7B1522B0B51E800315E12 /* Measure.swift in Sources */,
				E9A7B11A2B0B504300315E12 /* ViewController.swift in Sources */,
				E9A7B1162B0B504300315E12 /* AppDelegate.swift in Sources */,
				E9A7B1582B0B551B00315E12 /* yolov8s.mlpackage in Sources */,
				E9A7B1502B0B51E800315E12 /* UIImage+CVPixelBuffer.swift in Sources */,
				E9A7B1182B0B504300315E12 /* SceneDelegate.swift in Sources */,
				E9A7B1552B0B532900315E12 /* DrawingBoundingBoxView.swift in Sources */,
				E9A7B1512B0B51E800315E12 /* VideoCapture.swift in Sources */,
				E9A7B1202B0B504300315E12 /* Card_Detection.xcdatamodeld in Sources */,
			);
			runOnlyForDeploymentPostprocessing = 0;
		};
		E9A7B1272B0B504500315E12 /* Sources */ = {
			isa = PBXSourcesBuildPhase;
			buildActionMask = 2147483647;
			files = (
				E9A7B1302B0B504500315E12 /* Card_DetectionTests.swift in Sources */,
			);
			runOnlyForDeploymentPostprocessing = 0;
		};
		E9A7B1312B0B504500315E12 /* Sources */ = {
			isa = PBXSourcesBuildPhase;
			buildActionMask = 2147483647;
			files = (
				E9A7B13C2B0B504500315E12 /* Card_DetectionUITestsLaunchTests.swift in Sources */,
				E9A7B13A2B0B504500315E12 /* Card_DetectionUITests.swift in Sources */,
			);
			runOnlyForDeploymentPostprocessing = 0;
		};
/* End PBXSourcesBuildPhase section */

/* Begin PBXTargetDependency section */
		E9A7B12D2B0B504500315E12 /* PBXTargetDependency */ = {
			isa = PBXTargetDependency;
			target = E9A7B1112B0B504300315E12 /* Card_Detection */;
			targetProxy = E9A7B12C2B0B504500315E12 /* PBXContainerItemProxy */;
		};
		E9A7B1372B0B504500315E12 /* PBXTargetDependency */ = {
			isa = PBXTargetDependency;
			target = E9A7B1112B0B504300315E12 /* Card_Detection */;
			targetProxy = E9A7B1362B0B504500315E12 /* PBXContainerItemProxy */;
		};
/* End PBXTargetDependency section */

/* Begin PBXVariantGroup section */
		E9A7B11B2B0B504300315E12 /* Main.storyboard */ = {
			isa = PBXVariantGroup;
			children = (
				E9A7B11C2B0B504300315E12 /* Base */,
			);
			name = Main.storyboard;
			sourceTree = "<group>";
		};
		E9A7B1232B0B504500315E12 /* LaunchScreen.storyboard */ = {
			isa = PBXVariantGroup;
			children = (
				E9A7B1242B0B504500315E12 /* Base */,
			);
			name = LaunchScreen.storyboard;
			sourceTree = "<group>";
		};
/* End PBXVariantGroup section */

/* Begin XCBuildConfiguration section */
		E9A7B13D2B0B504500315E12 /* Debug */ = {
			isa = XCBuildConfiguration;
			buildSettings = {
				ALWAYS_SEARCH_USER_PATHS = NO;
				CLANG_ANALYZER_NONNULL = YES;
				CLANG_ANALYZER_NUMBER_OBJECT_CONVERSION = YES_AGGRESSIVE;
				CLANG_CXX_LANGUAGE_STANDARD = "gnu++20";
				CLANG_ENABLE_MODULES = YES;
				CLANG_ENABLE_OBJC_ARC = YES;
				CLANG_ENABLE_OBJC_WEAK = YES;
				CLANG_WARN_BLOCK_CAPTURE_AUTORELEASING = YES;
				CLANG_WARN_BOOL_CONVERSION = YES;
				CLANG_WARN_COMMA = YES;
				CLANG_WARN_CONSTANT_CONVERSION = YES;
				CLANG_WARN_DEPRECATED_OBJC_IMPLEMENTATIONS = YES;
				CLANG_WARN_DIRECT_OBJC_ISA_USAGE = YES_ERROR;
				CLANG_WARN_DOCUMENTATION_COMMENTS = YES;
				CLANG_WARN_EMPTY_BODY = YES;
				CLANG_WARN_ENUM_CONVERSION = YES;
				CLANG_WARN_INFINITE_RECURSION = YES;
				CLANG_WARN_INT_CONVERSION = YES;
				CLANG_WARN_NON_LITERAL_NULL_CONVERSION = YES;
				CLANG_WARN_OBJC_IMPLICIT_RETAIN_SELF = YES;
				CLANG_WARN_OBJC_LITERAL_CONVERSION = YES;
				CLANG_WARN_OBJC_ROOT_CLASS = YES_ERROR;
				CLANG_WARN_QUOTED_INCLUDE_IN_FRAMEWORK_HEADER = YES;
				CLANG_WARN_RANGE_LOOP_ANALYSIS = YES;
				CLANG_WARN_STRICT_PROTOTYPES = YES;
				CLANG_WARN_SUSPICIOUS_MOVE = YES;
				CLANG_WARN_UNGUARDED_AVAILABILITY = YES_AGGRESSIVE;
				CLANG_WARN_UNREACHABLE_CODE = YES;
				CLANG_WARN__DUPLICATE_METHOD_MATCH = YES;
				COPY_PHASE_STRIP = NO;
				DEBUG_INFORMATION_FORMAT = dwarf;
				ENABLE_STRICT_OBJC_MSGSEND = YES;
				ENABLE_TESTABILITY = YES;
				GCC_C_LANGUAGE_STANDARD = gnu11;
				GCC_DYNAMIC_NO_PIC = NO;
				GCC_NO_COMMON_BLOCKS = YES;
				GCC_OPTIMIZATION_LEVEL = 0;
				GCC_PREPROCESSOR_DEFINITIONS = (
					"DEBUG=1",
					"$(inherited)",
				);
				GCC_WARN_64_TO_32_BIT_CONVERSION = YES;
				GCC_WARN_ABOUT_RETURN_TYPE = YES_ERROR;
				GCC_WARN_UNDECLARED_SELECTOR = YES;
				GCC_WARN_UNINITIALIZED_AUTOS = YES_AGGRESSIVE;
				GCC_WARN_UNUSED_FUNCTION = YES;
				GCC_WARN_UNUSED_VARIABLE = YES;
				IPHONEOS_DEPLOYMENT_TARGET = 16.4;
				MTL_ENABLE_DEBUG_INFO = INCLUDE_SOURCE;
				MTL_FAST_MATH = YES;
				ONLY_ACTIVE_ARCH = YES;
				SDKROOT = iphoneos;
				SWIFT_ACTIVE_COMPILATION_CONDITIONS = DEBUG;
				SWIFT_OPTIMIZATION_LEVEL = "-Onone";
			};
			name = Debug;
		};
		E9A7B13E2B0B504500315E12 /* Release */ = {
			isa = XCBuildConfiguration;
			buildSettings = {
				ALWAYS_SEARCH_USER_PATHS = NO;
				CLANG_ANALYZER_NONNULL = YES;
				CLANG_ANALYZER_NUMBER_OBJECT_CONVERSION = YES_AGGRESSIVE;
				CLANG_CXX_LANGUAGE_STANDARD = "gnu++20";
				CLANG_ENABLE_MODULES = YES;
				CLANG_ENABLE_OBJC_ARC = YES;
				CLANG_ENABLE_OBJC_WEAK = YES;
				CLANG_WARN_BLOCK_CAPTURE_AUTORELEASING = YES;
				CLANG_WARN_BOOL_CONVERSION = YES;
				CLANG_WARN_COMMA = YES;
				CLANG_WARN_CONSTANT_CONVERSION = YES;
				CLANG_WARN_DEPRECATED_OBJC_IMPLEMENTATIONS = YES;
				CLANG_WARN_DIRECT_OBJC_ISA_USAGE = YES_ERROR;
				CLANG_WARN_DOCUMENTATION_COMMENTS = YES;
				CLANG_WARN_EMPTY_BODY = YES;
				CLANG_WARN_ENUM_CONVERSION = YES;
				CLANG_WARN_INFINITE_RECURSION = YES;
				CLANG_WARN_INT_CONVERSION = YES;
				CLANG_WARN_NON_LITERAL_NULL_CONVERSION = YES;
				CLANG_WARN_OBJC_IMPLICIT_RETAIN_SELF = YES;
				CLANG_WARN_OBJC_LITERAL_CONVERSION = YES;
				CLANG_WARN_OBJC_ROOT_CLASS = YES_ERROR;
				CLANG_WARN_QUOTED_INCLUDE_IN_FRAMEWORK_HEADER = YES;
				CLANG_WARN_RANGE_LOOP_ANALYSIS = YES;
				CLANG_WARN_STRICT_PROTOTYPES = YES;
				CLANG_WARN_SUSPICIOUS_MOVE = YES;
				CLANG_WARN_UNGUARDED_AVAILABILITY = YES_AGGRESSIVE;
				CLANG_WARN_UNREACHABLE_CODE = YES;
				CLANG_WARN__DUPLICATE_METHOD_MATCH = YES;
				COPY_PHASE_STRIP = NO;
				DEBUG_INFORMATION_FORMAT = "dwarf-with-dsym";
				ENABLE_NS_ASSERTIONS = NO;
				ENABLE_STRICT_OBJC_MSGSEND = YES;
				GCC_C_LANGUAGE_STANDARD = gnu11;
				GCC_NO_COMMON_BLOCKS = YES;
				GCC_WARN_64_TO_32_BIT_CONVERSION = YES;
				GCC_WARN_ABOUT_RETURN_TYPE = YES_ERROR;
				GCC_WARN_UNDECLARED_SELECTOR = YES;
				GCC_WARN_UNINITIALIZED_AUTOS = YES_AGGRESSIVE;
				GCC_WARN_UNUSED_FUNCTION = YES;
				GCC_WARN_UNUSED_VARIABLE = YES;
				IPHONEOS_DEPLOYMENT_TARGET = 16.4;
				MTL_ENABLE_DEBUG_INFO = NO;
				MTL_FAST_MATH = YES;
				SDKROOT = iphoneos;
				SWIFT_COMPILATION_MODE = wholemodule;
				SWIFT_OPTIMIZATION_LEVEL = "-O";
				VALIDATE_PRODUCT = YES;
			};
			name = Release;
		};
		E9A7B1402B0B504500315E12 /* Debug */ = {
			isa = XCBuildConfiguration;
			buildSettings = {
				ASSETCATALOG_COMPILER_APPICON_NAME = AppIcon;
				ASSETCATALOG_COMPILER_GLOBAL_ACCENT_COLOR_NAME = AccentColor;
				CODE_SIGN_STYLE = Automatic;
				CURRENT_PROJECT_VERSION = 1;
				DEVELOPMENT_TEAM = KNQWN32P6C;
				GENERATE_INFOPLIST_FILE = YES;
				INFOPLIST_FILE = Card_Detection/Info.plist;
				INFOPLIST_KEY_NSCameraUsageDescription = "Allow using camera";
				INFOPLIST_KEY_UIApplicationSupportsIndirectInputEvents = YES;
				INFOPLIST_KEY_UILaunchStoryboardName = LaunchScreen;
				INFOPLIST_KEY_UIMainStoryboardFile = Main;
				INFOPLIST_KEY_UISupportedInterfaceOrientations_iPad = "UIInterfaceOrientationPortrait UIInterfaceOrientationPortraitUpsideDown UIInterfaceOrientationLandscapeLeft UIInterfaceOrientationLandscapeRight";
				INFOPLIST_KEY_UISupportedInterfaceOrientations_iPhone = "UIInterfaceOrientationPortrait UIInterfaceOrientationLandscapeLeft UIInterfaceOrientationLandscapeRight";
				LD_RUNPATH_SEARCH_PATHS = (
					"$(inherited)",
					"@executable_path/Frameworks",
				);
				MARKETING_VERSION = 1.0;
				PRODUCT_BUNDLE_IDENTIFIER = "An.Card-Detection";
				PRODUCT_NAME = "$(TARGET_NAME)";
				SWIFT_EMIT_LOC_STRINGS = YES;
				SWIFT_VERSION = 5.0;
				TARGETED_DEVICE_FAMILY = "1,2";
			};
			name = Debug;
		};
		E9A7B1412B0B504500315E12 /* Release */ = {
			isa = XCBuildConfiguration;
			buildSettings = {
				ASSETCATALOG_COMPILER_APPICON_NAME = AppIcon;
				ASSETCATALOG_COMPILER_GLOBAL_ACCENT_COLOR_NAME = AccentColor;
				CODE_SIGN_STYLE = Automatic;
				CURRENT_PROJECT_VERSION = 1;
				DEVELOPMENT_TEAM = KNQWN32P6C;
				GENERATE_INFOPLIST_FILE = YES;
				INFOPLIST_FILE = Card_Detection/Info.plist;
				INFOPLIST_KEY_NSCameraUsageDescription = "Allow using camera";
				INFOPLIST_KEY_UIApplicationSupportsIndirectInputEvents = YES;
				INFOPLIST_KEY_UILaunchStoryboardName = LaunchScreen;
				INFOPLIST_KEY_UIMainStoryboardFile = Main;
				INFOPLIST_KEY_UISupportedInterfaceOrientations_iPad = "UIInterfaceOrientationPortrait UIInterfaceOrientationPortraitUpsideDown UIInterfaceOrientationLandscapeLeft UIInterfaceOrientationLandscapeRight";
				INFOPLIST_KEY_UISupportedInterfaceOrientations_iPhone = "UIInterfaceOrientationPortrait UIInterfaceOrientationLandscapeLeft UIInterfaceOrientationLandscapeRight";
				LD_RUNPATH_SEARCH_PATHS = (
					"$(inherited)",
					"@executable_path/Frameworks",
				);
				MARKETING_VERSION = 1.0;
				PRODUCT_BUNDLE_IDENTIFIER = "An.Card-Detection";
				PRODUCT_NAME = "$(TARGET_NAME)";
				SWIFT_EMIT_LOC_STRINGS = YES;
				SWIFT_VERSION = 5.0;
				TARGETED_DEVICE_FAMILY = "1,2";
			};
			name = Release;
		};
		E9A7B1432B0B504500315E12 /* Debug */ = {
			isa = XCBuildConfiguration;
			buildSettings = {
				ALWAYS_EMBED_SWIFT_STANDARD_LIBRARIES = YES;
				BUNDLE_LOADER = "$(TEST_HOST)";
				CODE_SIGN_STYLE = Automatic;
				CURRENT_PROJECT_VERSION = 1;
				DEVELOPMENT_TEAM = KNQWN32P6C;
				GENERATE_INFOPLIST_FILE = YES;
				IPHONEOS_DEPLOYMENT_TARGET = 16.4;
				MARKETING_VERSION = 1.0;
				PRODUCT_BUNDLE_IDENTIFIER = "An.Card-DetectionTests";
				PRODUCT_NAME = "$(TARGET_NAME)";
				SWIFT_EMIT_LOC_STRINGS = NO;
				SWIFT_VERSION = 5.0;
				TARGETED_DEVICE_FAMILY = "1,2";
				TEST_HOST = "$(BUILT_PRODUCTS_DIR)/Card_Detection.app/$(BUNDLE_EXECUTABLE_FOLDER_PATH)/Card_Detection";
			};
			name = Debug;
		};
		E9A7B1442B0B504500315E12 /* Release */ = {
			isa = XCBuildConfiguration;
			buildSettings = {
				ALWAYS_EMBED_SWIFT_STANDARD_LIBRARIES = YES;
				BUNDLE_LOADER = "$(TEST_HOST)";
				CODE_SIGN_STYLE = Automatic;
				CURRENT_PROJECT_VERSION = 1;
				DEVELOPMENT_TEAM = KNQWN32P6C;
				GENERATE_INFOPLIST_FILE = YES;
				IPHONEOS_DEPLOYMENT_TARGET = 16.4;
				MARKETING_VERSION = 1.0;
				PRODUCT_BUNDLE_IDENTIFIER = "An.Card-DetectionTests";
				PRODUCT_NAME = "$(TARGET_NAME)";
				SWIFT_EMIT_LOC_STRINGS = NO;
				SWIFT_VERSION = 5.0;
				TARGETED_DEVICE_FAMILY = "1,2";
				TEST_HOST = "$(BUILT_PRODUCTS_DIR)/Card_Detection.app/$(BUNDLE_EXECUTABLE_FOLDER_PATH)/Card_Detection";
			};
			name = Release;
		};
		E9A7B1462B0B504500315E12 /* Debug */ = {
			isa = XCBuildConfiguration;
			buildSettings = {
				ALWAYS_EMBED_SWIFT_STANDARD_LIBRARIES = YES;
				CODE_SIGN_STYLE = Automatic;
				CURRENT_PROJECT_VERSION = 1;
				DEVELOPMENT_TEAM = KNQWN32P6C;
				GENERATE_INFOPLIST_FILE = YES;
				MARKETING_VERSION = 1.0;
				PRODUCT_BUNDLE_IDENTIFIER = "An.Card-DetectionUITests";
				PRODUCT_NAME = "$(TARGET_NAME)";
				SWIFT_EMIT_LOC_STRINGS = NO;
				SWIFT_VERSION = 5.0;
				TARGETED_DEVICE_FAMILY = "1,2";
				TEST_TARGET_NAME = Card_Detection;
			};
			name = Debug;
		};
		E9A7B1472B0B504500315E12 /* Release */ = {
			isa = XCBuildConfiguration;
			buildSettings = {
				ALWAYS_EMBED_SWIFT_STANDARD_LIBRARIES = YES;
				CODE_SIGN_STYLE = Automatic;
				CURRENT_PROJECT_VERSION = 1;
				DEVELOPMENT_TEAM = KNQWN32P6C;
				GENERATE_INFOPLIST_FILE = YES;
				MARKETING_VERSION = 1.0;
				PRODUCT_BUNDLE_IDENTIFIER = "An.Card-DetectionUITests";
				PRODUCT_NAME = "$(TARGET_NAME)";
				SWIFT_EMIT_LOC_STRINGS = NO;
				SWIFT_VERSION = 5.0;
				TARGETED_DEVICE_FAMILY = "1,2";
				TEST_TARGET_NAME = Card_Detection;
			};
			name = Release;
		};
/* End XCBuildConfiguration section */

/* Begin XCConfigurationList section */
		E9A7B10D2B0B504300315E12 /* Build configuration list for PBXProject "Card_Detection" */ = {
			isa = XCConfigurationList;
			buildConfigurations = (
				E9A7B13D2B0B504500315E12 /* Debug */,
				E9A7B13E2B0B504500315E12 /* Release */,
			);
			defaultConfigurationIsVisible = 0;
			defaultConfigurationName = Release;
		};
		E9A7B13F2B0B504500315E12 /* Build configuration list for PBXNativeTarget "Card_Detection" */ = {
			isa = XCConfigurationList;
			buildConfigurations = (
				E9A7B1402B0B504500315E12 /* Debug */,
				E9A7B1412B0B504500315E12 /* Release */,
			);
			defaultConfigurationIsVisible = 0;
			defaultConfigurationName = Release;
		};
		E9A7B1422B0B504500315E12 /* Build configuration list for PBXNativeTarget "Card_DetectionTests" */ = {
			isa = XCConfigurationList;
			buildConfigurations = (
				E9A7B1432B0B504500315E12 /* Debug */,
				E9A7B1442B0B504500315E12 /* Release */,
			);
			defaultConfigurationIsVisible = 0;
			defaultConfigurationName = Release;
		};
		E9A7B1452B0B504500315E12 /* Build configuration list for PBXNativeTarget "Card_DetectionUITests" */ = {
			isa = XCConfigurationList;
			buildConfigurations = (
				E9A7B1462B0B504500315E12 /* Debug */,
				E9A7B1472B0B504500315E12 /* Release */,
			);
			defaultConfigurationIsVisible = 0;
			defaultConfigurationName = Release;
		};
/* End XCConfigurationList section */

/* Begin XCVersionGroup section */
		E9A7B11E2B0B504300315E12 /* Card_Detection.xcdatamodeld */ = {
			isa = XCVersionGroup;
			children = (
				E9A7B11F2B0B504300315E12 /* Card_Detection.xcdatamodel */,
			);
			currentVersion = E9A7B11F2B0B504300315E12 /* Card_Detection.xcdatamodel */;
			path = Card_Detection.xcdatamodeld;
			sourceTree = "<group>";
			versionGroupType = wrapper.xcdatamodel;
		};
/* End XCVersionGroup section */
	};
	rootObject = E9A7B10A2B0B504300315E12 /* Project object */;
}
